
Microsoft Visual Studio Solution File, Format Version 12.00
# Visual Studio Version 17
VisualStudioVersion = 17.11.35222.181
MinimumVisualStudioVersion = 10.0.40219.1
Project("{FAE04EC0-301F-11D3-BF4B-00C04F79EFBC}") = "Prog_2B_Part1", "Prog_2B_Part1.csproj", "{BADDC1DD-9630-4FA6-93F0-F41952B71328}"
EndProject
Global
	GlobalSection(SolutionConfigurationPlatforms) = preSolution
		Debug|Any CPU = Debug|Any CPU
		Release|Any CPU = Release|Any CPU
	EndGlobalSection
	GlobalSection(ProjectConfigurationPlatforms) = postSolution
		{BADDC1DD-9630-4FA6-93F0-F41952B71328}.Debug|Any CPU.ActiveCfg = Debug|Any CPU
		{BADDC1DD-9630-4FA6-93F0-F41952B71328}.Debug|Any CPU.Build.0 = Debug|Any CPU
		{BADDC1DD-9630-4FA6-93F0-F41952B71328}.Release|Any CPU.ActiveCfg = Release|Any CPU
		{BADDC1DD-9630-4FA6-93F0-F41952B71328}.Release|Any CPU.Build.0 = Release|Any CPU
	EndGlobalSection
	GlobalSection(SolutionProperties) = preSolution
		HideSolutionNode = FALSE
	EndGlobalSection
	GlobalSection(ExtensibilityGlobals) = postSolution
		SolutionGuid = {F5FC4BE7-836D-44A6-A51B-7690D712985D}
	EndGlobalSection
EndGlobal
